// !$*UTF8*$!
{
	archiveVersion = 1;
	classes = {
	};
	objectVersion = 46;
	objects = {

/* Begin PBXBuildFile section */
		B1ECEEA51CDB9E6D007C4D52 /* AppDelegate.swift in Sources */ = {isa = PBXBuildFile; fileRef = B1ECEEA41CDB9E6D007C4D52 /* AppDelegate.swift */; };
		B1ECEEA71CDB9E6D007C4D52 /* ViewController.swift in Sources */ = {isa = PBXBuildFile; fileRef = B1ECEEA61CDB9E6D007C4D52 /* ViewController.swift */; };
		B1ECEEAA1CDB9E6D007C4D52 /* Main.storyboard in Resources */ = {isa = PBXBuildFile; fileRef = B1ECEEA81CDB9E6D007C4D52 /* Main.storyboard */; };
		B1ECEEAC1CDB9E6D007C4D52 /* Assets.xcassets in Resources */ = {isa = PBXBuildFile; fileRef = B1ECEEAB1CDB9E6D007C4D52 /* Assets.xcassets */; };
		B1ECEEAF1CDB9E6D007C4D52 /* LaunchScreen.storyboard in Resources */ = {isa = PBXBuildFile; fileRef = B1ECEEAD1CDB9E6D007C4D52 /* LaunchScreen.storyboard */; };
		B1ECEEB71CDBA025007C4D52 /* Names.swift in Sources */ = {isa = PBXBuildFile; fileRef = B1ECEEB61CDBA025007C4D52 /* Names.swift */; };
		B1ECEEB91CDBA245007C4D52 /* Jobs.swift in Sources */ = {isa = PBXBuildFile; fileRef = B1ECEEB81CDBA245007C4D52 /* Jobs.swift */; };
		B1ECEEBB1CDBA31C007C4D52 /* City.swift in Sources */ = {isa = PBXBuildFile; fileRef = B1ECEEBA1CDBA31C007C4D52 /* City.swift */; };
		B1ECEEBD1CDBA432007C4D52 /* PhoneNumber.swift in Sources */ = {isa = PBXBuildFile; fileRef = B1ECEEBC1CDBA432007C4D52 /* PhoneNumber.swift */; };
		B1ECEEBF1CDBA692007C4D52 /* Result.swift in Sources */ = {isa = PBXBuildFile; fileRef = B1ECEEBE1CDBA692007C4D52 /* Result.swift */; };
		B1ECEEC11CDBBF7C007C4D52 /* GirlNames.swift in Sources */ = {isa = PBXBuildFile; fileRef = B1ECEEC01CDBBF7C007C4D52 /* GirlNames.swift */; };
/* End PBXBuildFile section */

/* Begin PBXFileReference section */
		B1ECEEA11CDB9E6D007C4D52 /* Backstory.app */ = {isa = PBXFileReference; explicitFileType = wrapper.application; includeInIndex = 0; path = Backstory.app; sourceTree = BUILT_PRODUCTS_DIR; };
		B1ECEEA41CDB9E6D007C4D52 /* AppDelegate.swift */ = {isa = PBXFileReference; lastKnownFileType = sourcecode.swift; path = AppDelegate.swift; sourceTree = "<group>"; };
		B1ECEEA61CDB9E6D007C4D52 /* ViewController.swift */ = {isa = PBXFileReference; lastKnownFileType = sourcecode.swift; path = ViewController.swift; sourceTree = "<group>"; };
		B1ECEEA91CDB9E6D007C4D52 /* Base */ = {isa = PBXFileReference; lastKnownFileType = file.storyboard; name = Base; path = Base.lproj/Main.storyboard; sourceTree = "<group>"; };
		B1ECEEAB1CDB9E6D007C4D52 /* Assets.xcassets */ = {isa = PBXFileReference; lastKnownFileType = folder.assetcatalog; path = Assets.xcassets; sourceTree = "<group>"; };
		B1ECEEAE1CDB9E6D007C4D52 /* Base */ = {isa = PBXFileReference; lastKnownFileType = file.storyboard; name = Base; path = Base.lproj/LaunchScreen.storyboard; sourceTree = "<group>"; };
		B1ECEEB01CDB9E6D007C4D52 /* Info.plist */ = {isa = PBXFileReference; lastKnownFileType = text.plist.xml; path = Info.plist; sourceTree = "<group>"; };
		B1ECEEB61CDBA025007C4D52 /* Names.swift */ = {isa = PBXFileReference; fileEncoding = 4; lastKnownFileType = sourcecode.swift; path = Names.swift; sourceTree = "<group>"; };
		B1ECEEB81CDBA245007C4D52 /* Jobs.swift */ = {isa = PBXFileReference; fileEncoding = 4; lastKnownFileType = sourcecode.swift; path = Jobs.swift; sourceTree = "<group>"; };
		B1ECEEBA1CDBA31C007C4D52 /* City.swift */ = {isa = PBXFileReference; fileEncoding = 4; lastKnownFileType = sourcecode.swift; path = City.swift; sourceTree = "<group>"; };
		B1ECEEBC1CDBA432007C4D52 /* PhoneNumber.swift */ = {isa = PBXFileReference; fileEncoding = 4; lastKnownFileType = sourcecode.swift; path = PhoneNumber.swift; sourceTree = "<group>"; };
		B1ECEEBE1CDBA692007C4D52 /* Result.swift */ = {isa = PBXFileReference; fileEncoding = 4; lastKnownFileType = sourcecode.swift; path = Result.swift; sourceTree = "<group>"; };
		B1ECEEC01CDBBF7C007C4D52 /* GirlNames.swift */ = {isa = PBXFileReference; fileEncoding = 4; lastKnownFileType = sourcecode.swift; path = GirlNames.swift; sourceTree = "<group>"; };
/* End PBXFileReference section */

/* Begin PBXFrameworksBuildPhase section */
		B1ECEE9E1CDB9E6D007C4D52 /* Frameworks */ = {
			isa = PBXFrameworksBuildPhase;
			buildActionMask = 2147483647;
			files = (
			);
			runOnlyForDeploymentPostprocessing = 0;
		};
/* End PBXFrameworksBuildPhase section */

/* Begin PBXGroup section */
		B1ECEE981CDB9E6D007C4D52 = {
			isa = PBXGroup;
			children = (
				B1ECEEA31CDB9E6D007C4D52 /* Backstory */,
				B1ECEEA21CDB9E6D007C4D52 /* Products */,
			);
			sourceTree = "<group>";
		};
		B1ECEEA21CDB9E6D007C4D52 /* Products */ = {
			isa = PBXGroup;
			children = (
				B1ECEEA11CDB9E6D007C4D52 /* Backstory.app */,
			);
			name = Products;
			sourceTree = "<group>";
		};
		B1ECEEA31CDB9E6D007C4D52 /* Backstory */ = {
			isa = PBXGroup;
			children = (
				B1ECEEA41CDB9E6D007C4D52 /* AppDelegate.swift */,
				B1ECEEA61CDB9E6D007C4D52 /* ViewController.swift */,
				B1ECEEBE1CDBA692007C4D52 /* Result.swift */,
				B1ECEEBA1CDBA31C007C4D52 /* City.swift */,
				B1ECEEB81CDBA245007C4D52 /* Jobs.swift */,
				B1ECEEB61CDBA025007C4D52 /* Names.swift */,
				B1ECEEA81CDB9E6D007C4D52 /* Main.storyboard */,
				B1ECEEC01CDBBF7C007C4D52 /* GirlNames.swift */,
				B1ECEEBC1CDBA432007C4D52 /* PhoneNumber.swift */,
				B1ECEEAB1CDB9E6D007C4D52 /* Assets.xcassets */,
				B1ECEEAD1CDB9E6D007C4D52 /* LaunchScreen.storyboard */,
				B1ECEEB01CDB9E6D007C4D52 /* Info.plist */,
			);
			path = Backstory;
			sourceTree = "<group>";
		};
/* End PBXGroup section */

/* Begin PBXNativeTarget section */
		B1ECEEA01CDB9E6D007C4D52 /* Backstory */ = {
			isa = PBXNativeTarget;
			buildConfigurationList = B1ECEEB31CDB9E6D007C4D52 /* Build configuration list for PBXNativeTarget "Backstory" */;
			buildPhases = (
				B1ECEE9D1CDB9E6D007C4D52 /* Sources */,
				B1ECEE9E1CDB9E6D007C4D52 /* Frameworks */,
				B1ECEE9F1CDB9E6D007C4D52 /* Resources */,
			);
			buildRules = (
			);
			dependencies = (
			);
			name = Backstory;
			productName = Backstory;
			productReference = B1ECEEA11CDB9E6D007C4D52 /* Backstory.app */;
			productType = "com.apple.product-type.application";
		};
/* End PBXNativeTarget section */

/* Begin PBXProject section */
		B1ECEE991CDB9E6D007C4D52 /* Project object */ = {
			isa = PBXProject;
			attributes = {
				LastSwiftUpdateCheck = 0730;
				LastUpgradeCheck = 0730;
				ORGANIZATIONNAME = LAKES;
				TargetAttributes = {
					B1ECEEA01CDB9E6D007C4D52 = {
						CreatedOnToolsVersion = 7.3;
						DevelopmentTeam = 8569FA8E2R;
					};
				};
			};
			buildConfigurationList = B1ECEE9C1CDB9E6D007C4D52 /* Build configuration list for PBXProject "Backstory" */;
			compatibilityVersion = "Xcode 3.2";
			developmentRegion = English;
			hasScannedForEncodings = 0;
			knownRegions = (
				en,
				Base,
			);
			mainGroup = B1ECEE981CDB9E6D007C4D52;
			productRefGroup = B1ECEEA21CDB9E6D007C4D52 /* Products */;
			projectDirPath = "";
			projectRoot = "";
			targets = (
				B1ECEEA01CDB9E6D007C4D52 /* Backstory */,
			);
		};
/* End PBXProject section */

/* Begin PBXResourcesBuildPhase section */
		B1ECEE9F1CDB9E6D007C4D52 /* Resources */ = {
			isa = PBXResourcesBuildPhase;
			buildActionMask = 2147483647;
			files = (
				B1ECEEAF1CDB9E6D007C4D52 /* LaunchScreen.storyboard in Resources */,
				B1ECEEAC1CDB9E6D007C4D52 /* Assets.xcassets in Resources */,
				B1ECEEAA1CDB9E6D007C4D52 /* Main.storyboard in Resources */,
			);
			runOnlyForDeploymentPostprocessing = 0;
		};
/* End PBXResourcesBuildPhase section */

/* Begin PBXSourcesBuildPhase section */
		B1ECEE9D1CDB9E6D007C4D52 /* Sources */ = {
			isa = PBXSourcesBuildPhase;
			buildActionMask = 2147483647;
			files = (
				B1ECEEB71CDBA025007C4D52 /* Names.swift in Sources */,
				B1ECEEBB1CDBA31C007C4D52 /* City.swift in Sources */,
				B1ECEEA71CDB9E6D007C4D52 /* ViewController.swift in Sources */,
				B1ECEEA51CDB9E6D007C4D52 /* AppDelegate.swift in Sources */,
				B1ECEEC11CDBBF7C007C4D52 /* GirlNames.swift in Sources */,
				B1ECEEBF1CDBA692007C4D52 /* Result.swift in Sources */,
				B1ECEEB91CDBA245007C4D52 /* Jobs.swift in Sources */,
				B1ECEEBD1CDBA432007C4D52 /* PhoneNumber.swift in Sources */,
			);
			runOnlyForDeploymentPostprocessing = 0;
		};
/* End PBXSourcesBuildPhase section */

/* Begin PBXVariantGroup section */
		B1ECEEA81CDB9E6D007C4D52 /* Main.storyboard */ = {
			isa = PBXVariantGroup;
			children = (
				B1ECEEA91CDB9E6D007C4D52 /* Base */,
			);
			name = Main.storyboard;
			sourceTree = "<group>";
		};
		B1ECEEAD1CDB9E6D007C4D52 /* LaunchScreen.storyboard */ = {
			isa = PBXVariantGroup;
			children = (
				B1ECEEAE1CDB9E6D007C4D52 /* Base */,
			);
			name = LaunchScreen.storyboard;
			sourceTree = "<group>";
		};
/* End PBXVariantGroup section */

/* Begin XCBuildConfiguration section */
		B1ECEEB11CDB9E6D007C4D52 /* Debug */ = {
			isa = XCBuildConfiguration;
			buildSettings = {
				ALWAYS_SEARCH_USER_PATHS = NO;
				CLANG_ANALYZER_NONNULL = YES;
				CLANG_CXX_LANGUAGE_STANDARD = "gnu++0x";
				CLANG_CXX_LIBRARY = "libc++";
				CLANG_ENABLE_MODULES = YES;
				CLANG_ENABLE_OBJC_ARC = YES;
				CLANG_WARN_BOOL_CONVERSION = YES;
				CLANG_WARN_CONSTANT_CONVERSION = YES;
				CLANG_WARN_DIRECT_OBJC_ISA_USAGE = YES_ERROR;
				CLANG_WARN_EMPTY_BODY = YES;
				CLANG_WARN_ENUM_CONVERSION = YES;
				CLANG_WARN_INT_CONVERSION = YES;
				CLANG_WARN_OBJC_ROOT_CLASS = YES_ERROR;
				CLANG_WARN_UNREACHABLE_CODE = YES;
				CLANG_WARN__DUPLICATE_METHOD_MATCH = YES;
				"CODE_SIGN_IDENTITY[sdk=iphoneos*]" = "iPhone Developer";
				COPY_PHASE_STRIP = NO;
				DEBUG_INFORMATION_FORMAT = dwarf;
				ENABLE_STRICT_OBJC_MSGSEND = YES;
				ENABLE_TESTABILITY = YES;
				GCC_C_LANGUAGE_STANDARD = gnu99;
				GCC_DYNAMIC_NO_PIC = NO;
				GCC_NO_COMMON_BLOCKS = YES;
				GCC_OPTIMIZATION_LEVEL = 0;
				GCC_PREPROCESSOR_DEFINITIONS = (
					"DEBUG=1",
					"$(inherited)",
				);
				GCC_WARN_64_TO_32_BIT_CONVERSION = YES;
				GCC_WARN_ABOUT_RETURN_TYPE = YES_ERROR;
				GCC_WARN_UNDECLARED_SELECTOR = YES;
				GCC_WARN_UNINITIALIZED_AUTOS = YES_AGGRESSIVE;
				GCC_WARN_UNUSED_FUNCTION = YES;
				GCC_WARN_UNUSED_VARIABLE = YES;
				IPHONEOS_DEPLOYMENT_TARGET = 9.3;
				MTL_ENABLE_DEBUG_INFO = YES;
				ONLY_ACTIVE_ARCH = YES;
				SDKROOT = iphoneos;
				SWIFT_OPTIMIZATION_LEVEL = "-Onone";
				TARGETED_DEVICE_FAMILY = "1,2";
			};
			name = Debug;
		};
		B1ECEEB21CDB9E6D007C4D52 /* Release */ = {
			isa = XCBuildConfiguration;
			buildSettings = {
				ALWAYS_SEARCH_USER_PATHS = NO;
				CLANG_ANALYZER_NONNULL = YES;
				CLANG_CXX_LANGUAGE_STANDARD = "gnu++0x";
				CLANG_CXX_LIBRARY = "libc++";
				CLANG_ENABLE_MODULES = YES;
				CLANG_ENABLE_OBJC_ARC = YES;
				CLANG_WARN_BOOL_CONVERSION = YES;
				CLANG_WARN_CONSTANT_CONVERSION = YES;
				CLANG_WARN_DIRECT_OBJC_ISA_USAGE = YES_ERROR;
				CLANG_WARN_EMPTY_BODY = YES;
				CLANG_WARN_ENUM_CONVERSION = YES;
				CLANG_WARN_INT_CONVERSION = YES;
				CLANG_WARN_OBJC_ROOT_CLASS = YES_ERROR;
				CLANG_WARN_UNREACHABLE_CODE = YES;
				CLANG_WARN__DUPLICATE_METHOD_MATCH = YES;
				"CODE_SIGN_IDENTITY[sdk=iphoneos*]" = "iPhone Developer";
				COPY_PHASE_STRIP = NO;
				DEBUG_INFORMATION_FORMAT = "dwarf-with-dsym";
				ENABLE_NS_ASSERTIONS = NO;
				ENABLE_STRICT_OBJC_MSGSEND = YES;
				GCC_C_LANGUAGE_STANDARD = gnu99;
				GCC_NO_COMMON_BLOCKS = YES;
				GCC_WARN_64_TO_32_BIT_CONVERSION = YES;
				GCC_WARN_ABOUT_RETURN_TYPE = YES_ERROR;
				GCC_WARN_UNDECLARED_SELECTOR = YES;
				GCC_WARN_UNINITIALIZED_AUTOS = YES_AGGRESSIVE;
				GCC_WARN_UNUSED_FUNCTION = YES;
				GCC_WARN_UNUSED_VARIABLE = YES;
				IPHONEOS_DEPLOYMENT_TARGET = 9.3;
				MTL_ENABLE_DEBUG_INFO = NO;
				SDKROOT = iphoneos;
				TARGETED_DEVICE_FAMILY = "1,2";
				VALIDATE_PRODUCT = YES;
			};
			name = Release;
		};
		B1ECEEB41CDB9E6D007C4D52 /* Debug */ = {
			isa = XCBuildConfiguration;
			buildSettings = {
				ASSETCATALOG_COMPILER_APPICON_NAME = AppIcon;
				INFOPLIST_FILE = Backstory/Info.plist;
				LD_RUNPATH_SEARCH_PATHS = "$(inherited) @executable_path/Frameworks";
				PRODUCT_BUNDLE_IDENTIFIER = com.Lakes.Backstory;
				PRODUCT_NAME = "$(TARGET_NAME)";
			};
			name = Debug;
		};
		B1ECEEB51CDB9E6D007C4D52 /* Release */ = {
			isa = XCBuildConfiguration;
			buildSettings = {
				ASSETCATALOG_COMPILER_APPICON_NAME = AppIcon;
				INFOPLIST_FILE = Backstory/Info.plist;
				LD_RUNPATH_SEARCH_PATHS = "$(inherited) @executable_path/Frameworks";
				PRODUCT_BUNDLE_IDENTIFIER = com.Lakes.Backstory;
				PRODUCT_NAME = "$(TARGET_NAME)";
			};
			name = Release;
		};
/* End XCBuildConfiguration section */

/* Begin XCConfigurationList section */
		B1ECEE9C1CDB9E6D007C4D52 /* Build configuration list for PBXProject "Backstory" */ = {
			isa = XCConfigurationList;
			buildConfigurations = (
				B1ECEEB11CDB9E6D007C4D52 /* Debug */,
				B1ECEEB21CDB9E6D007C4D52 /* Release */,
			);
			defaultConfigurationIsVisible = 0;
			defaultConfigurationName = Release;
		};
		B1ECEEB31CDB9E6D007C4D52 /* Build configuration list for PBXNativeTarget "Backstory" */ = {
			isa = XCConfigurationList;
			buildConfigurations = (
				B1ECEEB41CDB9E6D007C4D52 /* Debug */,
				B1ECEEB51CDB9E6D007C4D52 /* Release */,
			);
			defaultConfigurationIsVisible = 0;
			defaultConfigurationName = Release;
		};
/* End XCConfigurationList section */
	};
	rootObject = B1ECEE991CDB9E6D007C4D52 /* Project object */;
}
